
Microsoft Visual Studio Solution File, Format Version 12.00
# Visual Studio 15
VisualStudioVersion = 15.0.28307.1340
MinimumVisualStudioVersion = 10.0.40219.1
Project("{FAE04EC0-301F-11D3-BF4B-00C04F79EFBC}") = "InjectionTP", "InjectionTP\InjectionTP.csproj", "{9B46968B-D946-4273-A86F-4E3F23FD3F14}"
EndProject
Global
	GlobalSection(SolutionConfigurationPlatforms) = preSolution
		Debug|Any CPU = Debug|Any CPU
		Release|Any CPU = Release|Any CPU
	EndGlobalSection
	GlobalSection(ProjectConfigurationPlatforms) = postSolution
		{9B46968B-D946-4273-A86F-4E3F23FD3F14}.Debug|Any CPU.ActiveCfg = Debug|Any CPU
		{9B46968B-D946-4273-A86F-4E3F23FD3F14}.Debug|Any CPU.Build.0 = Debug|Any CPU
		{9B46968B-D946-4273-A86F-4E3F23FD3F14}.Release|Any CPU.ActiveCfg = Release|Any CPU
		{9B46968B-D946-4273-A86F-4E3F23FD3F14}.Release|Any CPU.Build.0 = Release|Any CPU
	EndGlobalSection
	GlobalSection(SolutionProperties) = preSolution
		HideSolutionNode = FALSE
	EndGlobalSection
	GlobalSection(ExtensibilityGlobals) = postSolution
		SolutionGuid = {88981F8E-0051-4F65-A24D-F166B58E847D}
	EndGlobalSection
EndGlobal
